# This file was autogenerated by Stack.
# You should not edit this file by hand.
# For more information, please see the documentation at:
#   https://docs.haskellstack.org/en/stable/lock_files

packages:
- completed:
    hackage: llvm-hs-pretty-0.9.0.0@sha256:b7a5de5f3dd97893d19d2b47af1e4dd8d075a5cf57062180a912d1f3ef1def60,1671
    pantry-tree:
      size: 4685
      sha256: 8cf6d628bb4f962575ad0993bb1010e9989cea00b325b8a45ac35ac201061386
  original:
    hackage: llvm-hs-pretty-0.9.0.0@sha256:b7a5de5f3dd97893d19d2b47af1e4dd8d075a5cf57062180a912d1f3ef1def60,1671
snapshots:
- completed:
    size: 563098
    url: https://raw.githubusercontent.com/commercialhaskell/stackage-snapshots/master/lts/17/1.yaml
    sha256: 395775c03e66a4286f134d50346b0b6f1432131cf542886252984b4cfa5fef69
  original: lts-17.1
