# This file is automatically @generated by Cargo.
# It is not intended for manual editing.
[[package]]
name = "carth-std-rs"
version = "0.3.1"
dependencies = [
 "libc",
]

[[package]]
name = "libc"
version = "0.2.69"
source = "registry+https://github.com/rust-lang/crates.io-index"
checksum = "99e85c08494b21a9054e7fe1374a732aeadaff3980b6990b94bfd3a70f690005"
